
Microsoft Visual Studio Solution File, Format Version 12.00
# Visual Studio 2013
VisualStudioVersion = 12.0.30723.0
MinimumVisualStudioVersion = 10.0.40219.1
Project("{FAE04EC0-301F-11D3-BF4B-00C04F79EFBC}") = "AndOneConstructions.ConsoleClient", "AndOneConstructions.ConsoleClient\AndOneConstructions.ConsoleClient.csproj", "{5D59A84E-2A22-4071-90CB-E025F648CBA3}"
EndProject
Project("{FAE04EC0-301F-11D3-BF4B-00C04F79EFBC}") = "AndOneConstructions.Data", "AndOneConstructions.Data\AndOneConstructions.Data.csproj", "{892CB46F-B7A4-4813-9B79-E1033931EB2E}"
EndProject
Project("{FAE04EC0-301F-11D3-BF4B-00C04F79EFBC}") = "MongoDB.Data", "MongoDB.Data\MongoDB.Data.csproj", "{E29D5C08-AA6C-4ACE-8376-3807E6036F21}"
EndProject
Project("{FAE04EC0-301F-11D3-BF4B-00C04F79EFBC}") = "AndOneConstructions.Controller", "AndOneConstructions.Controller\AndOneConstructions.Controller.csproj", "{7BB35258-65CC-4341-B2FF-166BAB43C1C6}"
EndProject
Project("{FAE04EC0-301F-11D3-BF4B-00C04F79EFBC}") = "AndOneConstructions.Model", "AndOneConstructions.Model\AndOneConstructions.Model.csproj", "{09F3C1E8-6DD0-4215-A3F5-12B35D30790E}"
EndProject
Project("{2150E333-8FDC-42A3-9474-1A3956D46DE8}") = "Solution Items", "Solution Items", "{209FDF1E-C2B6-45C6-AD9A-2F5221F98498}"
	ProjectSection(SolutionItems) = preProject
		Projects-Reports.zip = Projects-Reports.zip
	EndProjectSection
EndProject
Project("{FAE04EC0-301F-11D3-BF4B-00C04F79EFBC}") = "AndOneConstructions.PdfGenerator", "AndOneConstructions.PdfGenerator\AndOneConstructions.PdfGenerator.csproj", "{5B5DBAB3-2C3D-4A3A-9C30-56AA21286C7B}"
EndProject
Project("{FAE04EC0-301F-11D3-BF4B-00C04F79EFBC}") = "AndOneConstructions.JsonReportGenerator", "AndOneConstructions.JsonReportGenerator\AndOneConstructions.JsonReportGenerator.csproj", "{9E539FE6-F4A3-462D-AEE6-557ECF26F547}"
EndProject
Project("{FAE04EC0-301F-11D3-BF4B-00C04F79EFBC}") = "SecretDB.Models", "SecretDB.Models\SecretDB.Models.csproj", "{AFC6B1A3-CD79-46C2-87E7-6270A77BBCEE}"
EndProject
Project("{FAE04EC0-301F-11D3-BF4B-00C04F79EFBC}") = "SecretDB.Data", "SecretDB.Data\SecretDB.Data.csproj", "{F9AEA2D8-185C-44EB-ADF0-306F4AB0F39B}"
EndProject
Project("{FAE04EC0-301F-11D3-BF4B-00C04F79EFBC}") = "AndOneConstructions.MySqlModel", "AndOneConstructions.MySqlModel\AndOneConstructions.MySqlModel.csproj", "{C50145E6-A244-4F1F-B41F-90D1925B4A00}"
EndProject
Project("{FAE04EC0-301F-11D3-BF4B-00C04F79EFBC}") = "AndOneConstructions.XMLGenerator", "AndOneConstructions.XMLGenerator\AndOneConstructions.XMLGenerator.csproj", "{E94BF186-54A9-4968-8DF4-7EDE8814D64F}"
EndProject
Project("{FAE04EC0-301F-11D3-BF4B-00C04F79EFBC}") = "AndOneConstructions.MySqlExport", "AndOneConstructions.MySqlExport\AndOneConstructions.MySqlExport.csproj", "{3CF9C334-CCE3-4AE1-A4C6-18024F567A17}"
EndProject
Project("{FAE04EC0-301F-11D3-BF4B-00C04F79EFBC}") = "AndOneConstructions.XMLReader", "AndOneConstructions.XMLReader\AndOneConstructions.XMLReader.csproj", "{4C82BCA6-054F-4499-9471-FB1717E8B517}"
EndProject
Global
	GlobalSection(SolutionConfigurationPlatforms) = preSolution
		Debug|Any CPU = Debug|Any CPU
		Release|Any CPU = Release|Any CPU
	EndGlobalSection
	GlobalSection(ProjectConfigurationPlatforms) = postSolution
		{5D59A84E-2A22-4071-90CB-E025F648CBA3}.Debug|Any CPU.ActiveCfg = Debug|Any CPU
		{5D59A84E-2A22-4071-90CB-E025F648CBA3}.Debug|Any CPU.Build.0 = Debug|Any CPU
		{5D59A84E-2A22-4071-90CB-E025F648CBA3}.Release|Any CPU.ActiveCfg = Release|Any CPU
		{5D59A84E-2A22-4071-90CB-E025F648CBA3}.Release|Any CPU.Build.0 = Release|Any CPU
		{892CB46F-B7A4-4813-9B79-E1033931EB2E}.Debug|Any CPU.ActiveCfg = Debug|Any CPU
		{892CB46F-B7A4-4813-9B79-E1033931EB2E}.Debug|Any CPU.Build.0 = Debug|Any CPU
		{892CB46F-B7A4-4813-9B79-E1033931EB2E}.Release|Any CPU.ActiveCfg = Release|Any CPU
		{892CB46F-B7A4-4813-9B79-E1033931EB2E}.Release|Any CPU.Build.0 = Release|Any CPU
		{E29D5C08-AA6C-4ACE-8376-3807E6036F21}.Debug|Any CPU.ActiveCfg = Debug|Any CPU
		{E29D5C08-AA6C-4ACE-8376-3807E6036F21}.Debug|Any CPU.Build.0 = Debug|Any CPU
		{E29D5C08-AA6C-4ACE-8376-3807E6036F21}.Release|Any CPU.ActiveCfg = Release|Any CPU
		{E29D5C08-AA6C-4ACE-8376-3807E6036F21}.Release|Any CPU.Build.0 = Release|Any CPU
		{7BB35258-65CC-4341-B2FF-166BAB43C1C6}.Debug|Any CPU.ActiveCfg = Debug|Any CPU
		{7BB35258-65CC-4341-B2FF-166BAB43C1C6}.Debug|Any CPU.Build.0 = Debug|Any CPU
		{7BB35258-65CC-4341-B2FF-166BAB43C1C6}.Release|Any CPU.ActiveCfg = Release|Any CPU
		{7BB35258-65CC-4341-B2FF-166BAB43C1C6}.Release|Any CPU.Build.0 = Release|Any CPU
		{09F3C1E8-6DD0-4215-A3F5-12B35D30790E}.Debug|Any CPU.ActiveCfg = Debug|Any CPU
		{09F3C1E8-6DD0-4215-A3F5-12B35D30790E}.Debug|Any CPU.Build.0 = Debug|Any CPU
		{09F3C1E8-6DD0-4215-A3F5-12B35D30790E}.Release|Any CPU.ActiveCfg = Release|Any CPU
		{09F3C1E8-6DD0-4215-A3F5-12B35D30790E}.Release|Any CPU.Build.0 = Release|Any CPU
		{5B5DBAB3-2C3D-4A3A-9C30-56AA21286C7B}.Debug|Any CPU.ActiveCfg = Debug|Any CPU
		{5B5DBAB3-2C3D-4A3A-9C30-56AA21286C7B}.Debug|Any CPU.Build.0 = Debug|Any CPU
		{5B5DBAB3-2C3D-4A3A-9C30-56AA21286C7B}.Release|Any CPU.ActiveCfg = Release|Any CPU
		{5B5DBAB3-2C3D-4A3A-9C30-56AA21286C7B}.Release|Any CPU.Build.0 = Release|Any CPU
		{9E539FE6-F4A3-462D-AEE6-557ECF26F547}.Debug|Any CPU.ActiveCfg = Debug|Any CPU
		{9E539FE6-F4A3-462D-AEE6-557ECF26F547}.Debug|Any CPU.Build.0 = Debug|Any CPU
		{9E539FE6-F4A3-462D-AEE6-557ECF26F547}.Release|Any CPU.ActiveCfg = Release|Any CPU
		{9E539FE6-F4A3-462D-AEE6-557ECF26F547}.Release|Any CPU.Build.0 = Release|Any CPU
		{AFC6B1A3-CD79-46C2-87E7-6270A77BBCEE}.Debug|Any CPU.ActiveCfg = Debug|Any CPU
		{AFC6B1A3-CD79-46C2-87E7-6270A77BBCEE}.Debug|Any CPU.Build.0 = Debug|Any CPU
		{AFC6B1A3-CD79-46C2-87E7-6270A77BBCEE}.Release|Any CPU.ActiveCfg = Release|Any CPU
		{AFC6B1A3-CD79-46C2-87E7-6270A77BBCEE}.Release|Any CPU.Build.0 = Release|Any CPU
		{F9AEA2D8-185C-44EB-ADF0-306F4AB0F39B}.Debug|Any CPU.ActiveCfg = Debug|Any CPU
		{F9AEA2D8-185C-44EB-ADF0-306F4AB0F39B}.Debug|Any CPU.Build.0 = Debug|Any CPU
		{F9AEA2D8-185C-44EB-ADF0-306F4AB0F39B}.Release|Any CPU.ActiveCfg = Release|Any CPU
		{F9AEA2D8-185C-44EB-ADF0-306F4AB0F39B}.Release|Any CPU.Build.0 = Release|Any CPU
		{C50145E6-A244-4F1F-B41F-90D1925B4A00}.Debug|Any CPU.ActiveCfg = Debug|Any CPU
		{C50145E6-A244-4F1F-B41F-90D1925B4A00}.Debug|Any CPU.Build.0 = Debug|Any CPU
		{C50145E6-A244-4F1F-B41F-90D1925B4A00}.Release|Any CPU.ActiveCfg = Release|Any CPU
		{C50145E6-A244-4F1F-B41F-90D1925B4A00}.Release|Any CPU.Build.0 = Release|Any CPU
		{E94BF186-54A9-4968-8DF4-7EDE8814D64F}.Debug|Any CPU.ActiveCfg = Debug|Any CPU
		{E94BF186-54A9-4968-8DF4-7EDE8814D64F}.Debug|Any CPU.Build.0 = Debug|Any CPU
		{E94BF186-54A9-4968-8DF4-7EDE8814D64F}.Release|Any CPU.ActiveCfg = Release|Any CPU
		{E94BF186-54A9-4968-8DF4-7EDE8814D64F}.Release|Any CPU.Build.0 = Release|Any CPU
		{3CF9C334-CCE3-4AE1-A4C6-18024F567A17}.Debug|Any CPU.ActiveCfg = Debug|Any CPU
		{3CF9C334-CCE3-4AE1-A4C6-18024F567A17}.Debug|Any CPU.Build.0 = Debug|Any CPU
		{3CF9C334-CCE3-4AE1-A4C6-18024F567A17}.Release|Any CPU.ActiveCfg = Release|Any CPU
		{3CF9C334-CCE3-4AE1-A4C6-18024F567A17}.Release|Any CPU.Build.0 = Release|Any CPU
		{4C82BCA6-054F-4499-9471-FB1717E8B517}.Debug|Any CPU.ActiveCfg = Debug|Any CPU
		{4C82BCA6-054F-4499-9471-FB1717E8B517}.Debug|Any CPU.Build.0 = Debug|Any CPU
		{4C82BCA6-054F-4499-9471-FB1717E8B517}.Release|Any CPU.ActiveCfg = Release|Any CPU
		{4C82BCA6-054F-4499-9471-FB1717E8B517}.Release|Any CPU.Build.0 = Release|Any CPU
	EndGlobalSection
	GlobalSection(SolutionProperties) = preSolution
		HideSolutionNode = FALSE
	EndGlobalSection
EndGlobal
